# THIS IS AN AUTOGENERATED FILE. DO NOT EDIT THIS FILE DIRECTLY.
# yarn lockfile v1


"@rdfjs/types@>=1.0.0", "@rdfjs/types@^2.0.0", "@rdfjs/types@^2.0.1":
  version "2.0.1"
  resolved "https://registry.yarnpkg.com/@rdfjs/types/-/types-2.0.1.tgz#f10b50ceffff00b961c4265e60ac9f74550251da"
  integrity sha512-uyAzpugX7KekAXAHq26m3JlUIZJOC0uSBhpnefGV5i15bevDyyejoB7I+9MKeUrzXD8OOUI3+4FeV1wwQr5ihA==
  dependencies:
    "@types/node" "*"

"@rdfjs/types@^1.0.0":
  version "1.1.2"
  resolved "https://registry.yarnpkg.com/@rdfjs/types/-/types-1.1.2.tgz#9c2f9848c44c26d383bed2a808571de3b93b808d"
  integrity sha512-wqpOJK1QCbmsGNtyzYnojPU8gRDPid2JO0Q0kMtb4j65xhCK880cnKAfEOwC+dX85VJcCByQx5zOwyyfCjDJsg==
  dependencies:
    "@types/node" "*"

"@types/bun@latest":
  version "1.2.2"
  resolved "https://registry.yarnpkg.com/@types/bun/-/bun-1.2.2.tgz#ebcc7a5f925166a4e9df3d7c93b0b1b4bca75446"
  integrity sha512-tr74gdku+AEDN5ergNiBnplr7hpDp3V1h7fqI2GcR/rsUaM39jpSeKH0TFibRvU0KwniRx5POgaYnaXbk0hU+w==
  dependencies:
    bun-types "1.2.2"

"@types/node@*":
  version "22.13.4"
  resolved "https://registry.yarnpkg.com/@types/node/-/node-22.13.4.tgz#3fe454d77cd4a2d73c214008b3e331bfaaf5038a"
  integrity sha512-ywP2X0DYtX3y08eFVx5fNIw7/uIv8hYUKgXoK8oayJlLnKcRfEYCxWMVE1XagUdVtCJlZT1AU4LXEABW+L1Peg==
  dependencies:
    undici-types "~6.20.0"

"@types/sparqljs@^3.1.3":
  version "3.1.12"
  resolved "https://registry.yarnpkg.com/@types/sparqljs/-/sparqljs-3.1.12.tgz#29a030615a3aed6eb05fbd618ecf58ab345506f8"
  integrity sha512-zg/sdKKtYI0845wKPSuSgunyU1o/+7tRzMw85lHsf4p/0UbA6+65MXAyEtv1nkaqSqrq/bXm7+bqXas+Xo5dpQ==
  dependencies:
    "@rdfjs/types" ">=1.0.0"

"@types/ws@~8.5.10":
  version "8.5.14"
  resolved "https://registry.yarnpkg.com/@types/ws/-/ws-8.5.14.tgz#93d44b268c9127d96026cf44353725dd9b6c3c21"
  integrity sha512-bd/YFLW+URhBzMXurx7lWByOu+xzU9+kb3RboOteXYDfW+tr+JZa99OyNmPINEGB/ahzKrEuc8rcv4gnpJmxTw==
  dependencies:
    "@types/node" "*"

bun-types@1.2.2:
  version "1.2.2"
  resolved "https://registry.yarnpkg.com/bun-types/-/bun-types-1.2.2.tgz#06db618bb0b58939094fa22f2cb1b80df6666fae"
  integrity sha512-RCbMH5elr9gjgDGDhkTTugA21XtJAy/9jkKe/G3WR2q17VPGhcquf9Sir6uay9iW+7P/BV0CAHA1XlHXMAVKHg==
  dependencies:
    "@types/node" "*"
    "@types/ws" "~8.5.10"

dom-walk@^0.1.0:
  version "0.1.2"
  resolved "https://registry.yarnpkg.com/dom-walk/-/dom-walk-0.1.2.tgz#0c548bef048f4d1f2a97249002236060daa3fd84"
  integrity sha512-6QvTW9mrGeIegrFXdtQi9pk7O/nSK6lSdXW2eqUspN5LWD7UTji2Fqw5V2YLjBpHEoU9Xl/eUWNpDeZvoyOv2w==

fast-deep-equal@^3.1.3:
  version "3.1.3"
  resolved "https://registry.yarnpkg.com/fast-deep-equal/-/fast-deep-equal-3.1.3.tgz#3a7d56b559d6cbc3eb512325244e619a65c6c525"
  integrity sha512-f3qQ9oQy9j2AhBe/H9VC91wLmKBCCU/gDOnKNAYG5hswO7BLKj09Hc5HYNz9cGI++xlpDCIgDaitVs03ATR84Q==

global@^4.4.0:
  version "4.4.0"
  resolved "https://registry.yarnpkg.com/global/-/global-4.4.0.tgz#3e7b105179006a323ed71aafca3e9c57a5cc6406"
  integrity sha512-wv/LAoHdRE3BeTGz53FAamhGlPLhlssK45usmGFThIi4XqnBmjKQ16u+RNbP7WvigRZDxUsM0J3gcQ5yicaL0w==
  dependencies:
    min-document "^2.19.0"
    process "^0.11.10"

imurmurhash@^0.1.4:
  version "0.1.4"
  resolved "https://registry.yarnpkg.com/imurmurhash/-/imurmurhash-0.1.4.tgz#9218b9b2b928a238b13dc4fb6b6d576f231453ea"
  integrity sha512-JmXMZ6wuvDmLiHEml9ykzqO6lwFbof0GG4IkcGaENdCRDDmMVnny7s5HsIgHCbaq0w2MyPhDqkhTUgS2LU2PHA==

min-document@^2.19.0:
  version "2.19.0"
  resolved "https://registry.yarnpkg.com/min-document/-/min-document-2.19.0.tgz#7bd282e3f5842ed295bb748cdd9f1ffa2c824685"
  integrity sha512-9Wy1B3m3f66bPPmU5hdA4DR4PB2OfDU/+GS3yAB7IQozE3tqXaVv2zOjgla7MEGSRv95+ILmOuvhLkOK6wJtCQ==
  dependencies:
    dom-walk "^0.1.0"

minimist@^1.2.6:
  version "1.2.8"
  resolved "https://registry.yarnpkg.com/minimist/-/minimist-1.2.8.tgz#c1a464e7693302e082a075cee0c057741ac4772c"
  integrity sha512-2yyAR8qBkN3YuheJanUpWC5U3bb5osDywNB8RzDVlDwDHbocAJveqqj1u8+SVD7jkWT4yvsHCpWqqWqAxb0zCA==

process@^0.11.10:
  version "0.11.10"
  resolved "https://registry.yarnpkg.com/process/-/process-0.11.10.tgz#7332300e840161bda3e69a1d1d91a7d4bc16f182"
  integrity sha512-cdGef/drWFoydD1JsMzuFf8100nZl+GT+yacc2bEced5f9Rjk4z+WtFUTBu9PhOi9j/jfmBPu0mMEY4wIdAF8A==

rdf-data-factory@^1.1.2:
  version "1.1.3"
  resolved "https://registry.yarnpkg.com/rdf-data-factory/-/rdf-data-factory-1.1.3.tgz#11b39e0c80e51bca83828b2ddaa686f733be966f"
  integrity sha512-ny6CI7m2bq4lfQQmDYvcb2l1F9KtGwz9chipX4oWu2aAtVoXjb7k3d8J1EsgAsEbMXnBipB/iuRen5H2fwRWWQ==
  dependencies:
    "@rdfjs/types" "^1.0.0"

rdf-data-factory@^2.0.0, rdf-data-factory@^2.0.1:
  version "2.0.2"
  resolved "https://registry.yarnpkg.com/rdf-data-factory/-/rdf-data-factory-2.0.2.tgz#dfac1fdf99502f3b6d61f8e99e97af2490346e32"
  integrity sha512-WzPoYHwQYWvIP9k+7IBLY1b4nIDitzAK4mA37WumAF/Cjvu/KOtYJH9IPZnUTWNSd5K2+pq4vrcE9WZC4sRHhg==
  dependencies:
    "@rdfjs/types" "^2.0.0"

rdf-isomorphic@^2.0.0, rdf-isomorphic@^2.0.1:
  version "2.0.1"
  resolved "https://registry.yarnpkg.com/rdf-isomorphic/-/rdf-isomorphic-2.0.1.tgz#55f001d282af1aed12912f6d4d4074588d548969"
  integrity sha512-8pfA3PeDs1sVrZ2R3dCR4KRM69m3pQGhzviNQq5Az/+Zch4I+fKstjGxCZ5ADAFPsm9zxHk8zMEQ/BFcqlnLKw==
  dependencies:
    imurmurhash "^0.1.4"
    rdf-string "^2.0.0"
    rdf-terms "^2.0.0"

rdf-string@^2.0.0:
  version "2.0.1"
  resolved "https://registry.yarnpkg.com/rdf-string/-/rdf-string-2.0.1.tgz#9beff12486a653d6fb0f229a5e0e5f3cc2e962c6"
  integrity sha512-SMW4ponnKNrsP9kYpOLyICeM4UJmEXIeS3zri7kPK9gzLFsHD88oiza8LnokNYxd76zW4JoYWD+v4x0g8rJBjw==
  dependencies:
    rdf-data-factory "^2.0.0"

rdf-terms@^2.0.0:
  version "2.0.0"
  resolved "https://registry.yarnpkg.com/rdf-terms/-/rdf-terms-2.0.0.tgz#18b868263b5e38a9ded0e55b564a4a2933d5f533"
  integrity sha512-9O+ifVcvY4ZktOr+uXKswoOV6airAsIKeqCr+C47kFZBB8X+NyPSqDRGgI6X+je8It6z2e9jZhWwjJiEZ8Yn5Q==
  dependencies:
    rdf-data-factory "^2.0.0"
    rdf-string "^2.0.0"

sparqlalgebrajs@^5.0.0:
  version "5.0.1"
  resolved "https://registry.yarnpkg.com/sparqlalgebrajs/-/sparqlalgebrajs-5.0.1.tgz#8d6903fd270f9e87c35f48f6238fc89aa80ddfc4"
  integrity sha512-eb6Eiq5d/UUPatyTrtIZnT1c3aKfKJpp027cv7w7fxuzCHHYqhdNgOgLa9QbSGXl4X+uxTsTwZZhAPzw5X1odQ==
  dependencies:
    "@types/sparqljs" "^3.1.3"
    fast-deep-equal "^3.1.3"
    minimist "^1.2.6"
    rdf-data-factory "^2.0.1"
    rdf-isomorphic "^2.0.0"
    rdf-string "^2.0.0"
    rdf-terms "^2.0.0"
    sparqljs "^3.7.1"

sparqljs@^3.7.1:
  version "3.7.3"
  resolved "https://registry.yarnpkg.com/sparqljs/-/sparqljs-3.7.3.tgz#075821d51ef4954284e36569503fe5558cfb71b0"
  integrity sha512-FQfHUhfwn5PD9WH6xPU7DhFfXMgqK/XoDrYDVxz/grhw66Il0OjRg3JBgwuEvwHnQt7oSTiKWEiCZCPNaUbqgg==
  dependencies:
    rdf-data-factory "^1.1.2"

typescript@^5.7.3:
  version "5.7.3"
  resolved "https://registry.yarnpkg.com/typescript/-/typescript-5.7.3.tgz#919b44a7dbb8583a9b856d162be24a54bf80073e"
  integrity sha512-84MVSjMEHP+FQRPy3pX9sTVV/INIex71s9TL2Gm5FG/WG1SqXeKyZ0k7/blY/4FdOzI12CBy1vGc4og/eus0fw==

undici-types@~6.20.0:
  version "6.20.0"
  resolved "https://registry.yarnpkg.com/undici-types/-/undici-types-6.20.0.tgz#8171bf22c1f588d1554d55bf204bc624af388433"
  integrity sha512-Ny6QZ2Nju20vw1SRHe3d9jVu6gJ+4e3+MMpqu7pqE5HT6WsTSlce++GQmK5UXS8mzV8DSYHrQH+Xrf2jVcuKNg==
